
Microsoft Visual Studio Solution File, Format Version 12.00
# Visual Studio Version 16
VisualStudioVersion = 16.0.30406.217
MinimumVisualStudioVersion = 10.0.40219.1
Project("{FAE04EC0-301F-11D3-BF4B-00C04F79EFBC}") = "ClassMetotDemo", "ClassMetotDemo.csproj", "{AFEAA76E-13E2-4BC7-A6E1-BE5A5F81A902}"
EndProject
Global
	GlobalSection(SolutionConfigurationPlatforms) = preSolution
		Debug|Any CPU = Debug|Any CPU
		Release|Any CPU = Release|Any CPU
	EndGlobalSection
	GlobalSection(ProjectConfigurationPlatforms) = postSolution
		{AFEAA76E-13E2-4BC7-A6E1-BE5A5F81A902}.Debug|Any CPU.ActiveCfg = Debug|Any CPU
		{AFEAA76E-13E2-4BC7-A6E1-BE5A5F81A902}.Debug|Any CPU.Build.0 = Debug|Any CPU
		{AFEAA76E-13E2-4BC7-A6E1-BE5A5F81A902}.Release|Any CPU.ActiveCfg = Release|Any CPU
		{AFEAA76E-13E2-4BC7-A6E1-BE5A5F81A902}.Release|Any CPU.Build.0 = Release|Any CPU
	EndGlobalSection
	GlobalSection(SolutionProperties) = preSolution
		HideSolutionNode = FALSE
	EndGlobalSection
	GlobalSection(ExtensibilityGlobals) = postSolution
		SolutionGuid = {5C340076-18C8-43DF-8E88-A1F3C594EE13}
	EndGlobalSection
EndGlobal
